
Microsoft Visual Studio Solution File, Format Version 12.00
Project("{FAE04EC0-301F-11D3-BF4B-00C04F79EFBC}") = "SyntaxAlter", "SyntaxAlter\SyntaxAlter.csproj", "{CF263C09-54DF-49F1-B661-08EE9EA2BBD0}"
EndProject
Global
	GlobalSection(SolutionConfigurationPlatforms) = preSolution
		Debug|Any CPU = Debug|Any CPU
		Release|Any CPU = Release|Any CPU
	EndGlobalSection
	GlobalSection(ProjectConfigurationPlatforms) = postSolution
		{CF263C09-54DF-49F1-B661-08EE9EA2BBD0}.Debug|Any CPU.ActiveCfg = Debug|Any CPU
		{CF263C09-54DF-49F1-B661-08EE9EA2BBD0}.Debug|Any CPU.Build.0 = Debug|Any CPU
		{CF263C09-54DF-49F1-B661-08EE9EA2BBD0}.Release|Any CPU.ActiveCfg = Release|Any CPU
		{CF263C09-54DF-49F1-B661-08EE9EA2BBD0}.Release|Any CPU.Build.0 = Release|Any CPU
	EndGlobalSection
EndGlobal
